
Microsoft Visual Studio Solution File, Format Version 12.00
# Visual Studio 15
VisualStudioVersion = 15.0.28307.572
MinimumVisualStudioVersion = 10.0.40219.1
Project("{FAE04EC0-301F-11D3-BF4B-00C04F79EFBC}") = "AsyncDemoForm", "AsyncDemoForm\AsyncDemoForm.csproj", "{65A7613E-8A72-406B-BB6A-380462F80D7A}"
EndProject
Global
	GlobalSection(SolutionConfigurationPlatforms) = preSolution
		Debug|Any CPU = Debug|Any CPU
		Release|Any CPU = Release|Any CPU
	EndGlobalSection
	GlobalSection(ProjectConfigurationPlatforms) = postSolution
		{65A7613E-8A72-406B-BB6A-380462F80D7A}.Debug|Any CPU.ActiveCfg = Debug|Any CPU
		{65A7613E-8A72-406B-BB6A-380462F80D7A}.Debug|Any CPU.Build.0 = Debug|Any CPU
		{65A7613E-8A72-406B-BB6A-380462F80D7A}.Release|Any CPU.ActiveCfg = Release|Any CPU
		{65A7613E-8A72-406B-BB6A-380462F80D7A}.Release|Any CPU.Build.0 = Release|Any CPU
	EndGlobalSection
	GlobalSection(SolutionProperties) = preSolution
		HideSolutionNode = FALSE
	EndGlobalSection
	GlobalSection(ExtensibilityGlobals) = postSolution
		SolutionGuid = {539BC3D2-A149-463E-9527-658BD935933D}
	EndGlobalSection
EndGlobal
